
Microsoft Visual Studio Solution File, Format Version 12.00
# Visual Studio Version 17
VisualStudioVersion = 17.0.31606.5
MinimumVisualStudioVersion = 10.0.40219.1
Project("{FAE04EC0-301F-11D3-BF4B-00C04F79EFBC}") = "LeitorXMLNF", "LeitorXMLNF\LeitorXMLNF.csproj", "{1708BB2C-9AF4-43C6-92D9-79F121263E55}"
EndProject
Global
	GlobalSection(SolutionConfigurationPlatforms) = preSolution
		Debug|Any CPU = Debug|Any CPU
		Release|Any CPU = Release|Any CPU
	EndGlobalSection
	GlobalSection(ProjectConfigurationPlatforms) = postSolution
		{1708BB2C-9AF4-43C6-92D9-79F121263E55}.Debug|Any CPU.ActiveCfg = Debug|Any CPU
		{1708BB2C-9AF4-43C6-92D9-79F121263E55}.Debug|Any CPU.Build.0 = Debug|Any CPU
		{1708BB2C-9AF4-43C6-92D9-79F121263E55}.Release|Any CPU.ActiveCfg = Release|Any CPU
		{1708BB2C-9AF4-43C6-92D9-79F121263E55}.Release|Any CPU.Build.0 = Release|Any CPU
	EndGlobalSection
	GlobalSection(SolutionProperties) = preSolution
		HideSolutionNode = FALSE
	EndGlobalSection
	GlobalSection(ExtensibilityGlobals) = postSolution
		SolutionGuid = {9F09EDF0-A405-43DC-8EC9-AF351577BBEA}
	EndGlobalSection
EndGlobal
